lockfileVersion: 5.3

specifiers:
  '@web/dev-server': ^0.1.17
  '@web/dev-server-esbuild': ^0.2.12
  preact: ^10.5.13
  typescript: ^4.3.2

dependencies:
  preact: 10.5.13

devDependencies:
  '@web/dev-server': 0.1.17
  '@web/dev-server-esbuild': 0.2.12
  typescript: 4.3.2

packages:

  /@babel/code-frame/7.12.13:
    resolution: {integrity: sha512-HV1Cm0Q3ZrpCR93tkWOYiuYIgLxZXZFVG2VgK+MBWjUqZTundupbfx2aXarXuw5Ko5aMcjtJgbSs4vUGBS5v6g==}
    dependencies:
      '@babel/highlight': 7.14.0
    dev: true

  /@babel/helper-validator-identifier/7.14.0:
    resolution: {integrity: sha512-V3ts7zMSu5lfiwWDVWzRDGIN+lnCEUdaXgtVHJgLb1rGaA6jMrtB9EmE7L18foXJIE8Un/A/h6NJfGQp/e1J4A==}
    dev: true

  /@babel/highlight/7.14.0:
    resolution: {integrity: sha512-YSCOwxvTYEIMSGaBQb5kDDsCopDdiUGsqpatp3fOlI4+2HQSkTmEVWnVuySdAC5EWCqSWWTv0ib63RjR7dTBdg==}
    dependencies:
      '@babel/helper-validator-identifier': 7.14.0
      chalk: 2.4.2
      js-tokens: 4.0.0
    dev: true

  /@mdn/browser-compat-data/3.3.6:
    resolution: {integrity: sha512-sQsnI3Eup8ZvBH5anVdq3m7xexc1l/uciO0Cm0YrKhB5bNOu1x7XyhHvmI8V6rC8KsgqqBHvxf/ZUArBkGcIYg==}
    dev: true

  /@rollup/plugin-node-resolve/11.2.1:
    resolution: {integrity: sha512-yc2n43jcqVyGE2sqV5/YCmocy9ArjVAP/BeXyTtADTBBX6V0e5UMqwO8CdQ0kzjb6zu5P1qMzsScCMRvE9OlVg==}
    engines: {node: '>= 10.0.0'}
    peerDependencies:
      rollup: ^1.20.0||^2.0.0
    dependencies:
      '@rollup/pluginutils': 3.1.0
      '@types/resolve': 1.17.1
      builtin-modules: 3.2.0
      deepmerge: 4.2.2
      is-module: 1.0.0
      resolve: 1.20.0
    dev: true

  /@rollup/pluginutils/3.1.0:
    resolution: {integrity: sha512-GksZ6pr6TpIjHm8h9lSQ8pi8BE9VeubNT0OMJ3B5uZJ8pz73NPiqOtCog/x2/QzM1ENChPKxMDhiQuRHsqc+lg==}
    engines: {node: '>= 8.0.0'}
    peerDependencies:
      rollup: ^1.20.0||^2.0.0
    dependencies:
      '@types/estree': 0.0.39
      estree-walker: 1.0.1
      picomatch: 2.3.0
    dev: true

  /@types/accepts/1.3.5:
    resolution: {integrity: sha512-jOdnI/3qTpHABjM5cx1Hc0sKsPoYCp+DP/GJRGtDlPd7fiV9oXGGIcjW/ZOxLIvjGz8MA+uMZI9metHlgqbgwQ==}
    dependencies:
      '@types/node': 15.12.1
    dev: true

  /@types/body-parser/1.19.0:
    resolution: {integrity: sha512-W98JrE0j2K78swW4ukqMleo8R7h/pFETjM2DQ90MF6XK2i4LO4W3gQ71Lt4w3bfm2EvVSyWHplECvB5sK22yFQ==}
    dependencies:
      '@types/connect': 3.4.34
      '@types/node': 15.12.1
    dev: true

  /@types/command-line-args/5.0.0:
    resolution: {integrity: sha512-4eOPXyn5DmP64MCMF8ePDvdlvlzt2a+F8ZaVjqmh2yFCpGjc1kI3kGnCFYX9SCsGTjQcWIyVZ86IHCEyjy/MNg==}
    dev: true

  /@types/connect/3.4.34:
    resolution: {integrity: sha512-ePPA/JuI+X0vb+gSWlPKOY0NdNAie/rPUqX2GUPpbZwiKTkSPhjXWuee47E4MtE54QVzGCQMQkAL6JhV2E1+cQ==}
    dependencies:
      '@types/node': 15.12.1
    dev: true

  /@types/content-disposition/0.5.3:
    resolution: {integrity: sha512-P1bffQfhD3O4LW0ioENXUhZ9OIa0Zn+P7M+pWgkCKaT53wVLSq0mrKksCID/FGHpFhRSxRGhgrQmfhRuzwtKdg==}
    dev: true

  /@types/cookies/0.7.6:
    resolution: {integrity: sha512-FK4U5Qyn7/Sc5ih233OuHO0qAkOpEcD/eG6584yEiLKizTFRny86qHLe/rej3HFQrkBuUjF4whFliAdODbVN/w==}
    dependencies:
      '@types/connect': 3.4.34
      '@types/express': 4.17.12
      '@types/keygrip': 1.0.2
      '@types/node': 15.12.1
    dev: true

  /@types/estree/0.0.39:
    resolution: {integrity: sha512-EYNwp3bU+98cpU4lAWYYL7Zz+2gryWH1qbdDTidVd6hkiR6weksdbMadyXKXNPEkQFhXM+hVO9ZygomHXp+AIw==}
    dev: true

  /@types/express-serve-static-core/4.17.21:
    resolution: {integrity: sha512-gwCiEZqW6f7EoR8TTEfalyEhb1zA5jQJnRngr97+3pzMaO1RKoI1w2bw07TK72renMUVWcWS5mLI6rk1NqN0nA==}
    dependencies:
      '@types/node': 15.12.1
      '@types/qs': 6.9.6
      '@types/range-parser': 1.2.3
    dev: true

  /@types/express/4.17.12:
    resolution: {integrity: sha512-pTYas6FrP15B1Oa0bkN5tQMNqOcVXa9j4FTFtO8DWI9kppKib+6NJtfTOOLcwxuuYvcX2+dVG6et1SxW/Kc17Q==}
    dependencies:
      '@types/body-parser': 1.19.0
      '@types/express-serve-static-core': 4.17.21
      '@types/qs': 6.9.6
      '@types/serve-static': 1.13.9
    dev: true

  /@types/http-assert/1.5.1:
    resolution: {integrity: sha512-PGAK759pxyfXE78NbKxyfRcWYA/KwW17X290cNev/qAsn9eQIxkH4shoNBafH37wewhDG/0p1cHPbK6+SzZjWQ==}
    dev: true

  /@types/http-errors/1.8.0:
    resolution: {integrity: sha512-2aoSC4UUbHDj2uCsCxcG/vRMXey/m17bC7UwitVm5hn22nI8O8Y9iDpA76Orc+DWkQ4zZrOKEshCqR/jSuXAHA==}
    dev: true

  /@types/keygrip/1.0.2:
    resolution: {integrity: sha512-GJhpTepz2udxGexqos8wgaBx4I/zWIDPh/KOGEwAqtuGDkOUJu5eFvwmdBX4AmB8Odsr+9pHCQqiAqDL/yKMKw==}
    dev: true

  /@types/koa-compose/3.2.5:
    resolution: {integrity: sha512-B8nG/OoE1ORZqCkBVsup/AKcvjdgoHnfi4pZMn5UwAPCbhk/96xyv284eBYW8JlQbQ7zDmnpFr68I/40mFoIBQ==}
    dependencies:
      '@types/koa': 2.13.3
    dev: true

  /@types/koa/2.13.3:
    resolution: {integrity: sha512-TaujBV+Dhe/FvmSMZJtCFBms+bqQacgUebk/M2C2tq8iGmHE/DDf4DcW2Hc7NqusVZmy5xzrWOjtdPKNP+fTfw==}
    dependencies:
      '@types/accepts': 1.3.5
      '@types/content-disposition': 0.5.3
      '@types/cookies': 0.7.6
      '@types/http-assert': 1.5.1
      '@types/http-errors': 1.8.0
      '@types/keygrip': 1.0.2
      '@types/koa-compose': 3.2.5
      '@types/node': 15.12.1
    dev: true

  /@types/mime/1.3.2:
    resolution: {integrity: sha512-YATxVxgRqNH6nHEIsvg6k2Boc1JHI9ZbH5iWFFv/MTkchz3b1ieGDa5T0a9RznNdI0KhVbdbWSN+KWWrQZRxTw==}
    dev: true

  /@types/node/15.12.1:
    resolution: {integrity: sha512-zyxJM8I1c9q5sRMtVF+zdd13Jt6RU4r4qfhTd7lQubyThvLfx6yYekWSQjGCGV2Tkecgxnlpl/DNlb6Hg+dmEw==}
    dev: true

  /@types/parse5/5.0.3:
    resolution: {integrity: sha512-kUNnecmtkunAoQ3CnjmMkzNU/gtxG8guhi+Fk2U/kOpIKjIMKnXGp4IJCgQJrXSgMsWYimYG4TGjz/UzbGEBTw==}
    dev: true

  /@types/qs/6.9.6:
    resolution: {integrity: sha512-0/HnwIfW4ki2D8L8c9GVcG5I72s9jP5GSLVF0VIXDW00kmIpA6O33G7a8n59Tmh7Nz0WUC3rSb7PTY/sdW2JzA==}
    dev: true

  /@types/range-parser/1.2.3:
    resolution: {integrity: sha512-ewFXqrQHlFsgc09MK5jP5iR7vumV/BYayNC6PgJO2LPe8vrnNFyjQjSppfEngITi0qvfKtzFvgKymGheFM9UOA==}
    dev: true

  /@types/resolve/1.17.1:
    resolution: {integrity: sha512-yy7HuzQhj0dhGpD8RLXSZWEkLsV9ibvxvi6EiJ3bkqLAO1RGo0WbkWQiwpRlSFymTJRz0d3k5LM3kkx8ArDbLw==}
    dependencies:
      '@types/node': 15.12.1
    dev: true

  /@types/serve-static/1.13.9:
    resolution: {integrity: sha512-ZFqF6qa48XsPdjXV5Gsz0Zqmux2PerNd3a/ktL45mHpa19cuMi/cL8tcxdAx497yRh+QtYPuofjT9oWw9P7nkA==}
    dependencies:
      '@types/mime': 1.3.2
      '@types/node': 15.12.1
    dev: true

  /@types/ws/7.4.4:
    resolution: {integrity: sha512-d/7W23JAXPodQNbOZNXvl2K+bqAQrCMwlh/nuQsPSQk6Fq0opHoPrUw43aHsvSbIiQPr8Of2hkFbnz1XBFVyZQ==}
    dependencies:
      '@types/node': 15.12.1
    dev: true

  /@web/config-loader/0.1.3:
    resolution: {integrity: sha512-XVKH79pk4d3EHRhofete8eAnqto1e8mCRAqPV00KLNFzCWSe8sWmLnqKCqkPNARC6nksMaGrATnA5sPDRllMpQ==}
    engines: {node: '>=10.0.0'}
    dependencies:
      semver: 7.3.5
    dev: true

  /@web/dev-server-core/0.3.13:
    resolution: {integrity: sha512-bGJHPeFRWATNfuL9Pp2LfqhnmqhBCc5eOO5AWQa0X+WQAwHiFo6xZNfsvsnJ1gvxXgsE4jKBAGu9lQRisvFRFA==}
    engines: {node: '>=10.0.0'}
    dependencies:
      '@types/koa': 2.13.3
      '@types/ws': 7.4.4
      '@web/parse5-utils': 1.2.2
      chokidar: 3.5.1
      clone: 2.1.2
      es-module-lexer: 0.4.1
      get-stream: 6.0.1
      is-stream: 2.0.0
      isbinaryfile: 4.0.8
      koa: 2.13.1
      koa-etag: 4.0.0
      koa-send: 5.0.1
      koa-static: 5.0.0
      lru-cache: 6.0.0
      mime-types: 2.1.31
      parse5: 6.0.1
      picomatch: 2.3.0
      ws: 7.4.6
    transitivePeerDependencies:
      - bufferutil
      - supports-color
      - utf-8-validate
    dev: true

  /@web/dev-server-esbuild/0.2.12:
    resolution: {integrity: sha512-wPXY2/Y3tV1pBv+ccZCwnUl8U8htwvA1XrhAqEPkrkZhd6K5Mh+FMVzZ664gSOs1gwzBbBnt912WQlYzrvgibQ==}
    engines: {node: '>=10.0.0'}
    dependencies:
      '@mdn/browser-compat-data': 3.3.6
      '@web/dev-server-core': 0.3.13
      esbuild: 0.11.23
      parse5: 6.0.1
      ua-parser-js: 0.7.28
    transitivePeerDependencies:
      - bufferutil
      - supports-color
      - utf-8-validate
    dev: true

  /@web/dev-server-rollup/0.3.4:
    resolution: {integrity: sha512-QFaqHpJXri1TuN1yN0N670bxF5noC1RtIHPhoM5Sp6YX7v3610Z/fq465V7fNaeHnTNN7dIUmNkK9vqLIrsYTg==}
    engines: {node: '>=10.0.0'}
    dependencies:
      '@web/dev-server-core': 0.3.13
      chalk: 4.1.1
      parse5: 6.0.1
      rollup: 2.51.0
      whatwg-url: 8.5.0
    transitivePeerDependencies:
      - bufferutil
      - supports-color
      - utf-8-validate
    dev: true

  /@web/dev-server/0.1.17:
    resolution: {integrity: sha512-2gdOjkQp97uaORkOL8X90f4retqZ2lA9YqHDljpf4SFg0JWoY8X7EJA9XQG1jJ2x46oQ5zqJX7AiSWc47B2k6A==}
    engines: {node: '>=10.0.0'}
    hasBin: true
    dependencies:
      '@babel/code-frame': 7.12.13
      '@rollup/plugin-node-resolve': 11.2.1
      '@types/command-line-args': 5.0.0
      '@web/config-loader': 0.1.3
      '@web/dev-server-core': 0.3.13
      '@web/dev-server-rollup': 0.3.4
      camelcase: 6.2.0
      chalk: 4.1.1
      command-line-args: 5.1.1
      command-line-usage: 6.1.1
      debounce: 1.2.1
      deepmerge: 4.2.2
      ip: 1.1.5
      open: 8.2.0
      portfinder: 1.0.28
    transitivePeerDependencies:
      - bufferutil
      - rollup
      - supports-color
      - utf-8-validate
    dev: true

  /@web/parse5-utils/1.2.2:
    resolution: {integrity: sha512-B68DoJ5qF8Cu3o7nDA2RQTCf9bslVz2b0WHTk3qir5YCbWfhnPEGhDOedOjbE8xDiHqgzI1zXQsJ2+655aluLA==}
    engines: {node: '>=10.0.0'}
    dependencies:
      '@types/parse5': 5.0.3
      parse5: 6.0.1
    dev: true

  /accepts/1.3.7:
    resolution: {integrity: sha512-Il80Qs2WjYlJIBNzNkK6KYqlVMTbZLXgHx2oT0pU/fjRHyEp+PEfEPY0R3WCwAGVOtauxh1hOxNgIf5bv7dQpA==}
    engines: {node: '>= 0.6'}
    dependencies:
      mime-types: 2.1.31
      negotiator: 0.6.2
    dev: true

  /ansi-styles/3.2.1:
    resolution: {integrity: sha512-VT0ZI6kZRdTh8YyJw3SMbYm/u+NqfsAxEpWO0Pf9sq8/e94WxxOpPKx9FR1FlyCtOVDNOQ+8ntlqFxiRc+r5qA==}
    engines: {node: '>=4'}
    dependencies:
      color-convert: 1.9.3
    dev: true

  /ansi-styles/4.3.0:
    resolution: {integrity: sha512-zbB9rCJAT1rbjiVDb2hqKFHNYLxgtk8NURxZ3IZwD3F6NtxbXZQCnnSi1Lkx+IDohdPlFp222wVALIheZJQSEg==}
    engines: {node: '>=8'}
    dependencies:
      color-convert: 2.0.1
    dev: true

  /any-promise/1.3.0:
    resolution: {integrity: sha1-q8av7tzqUugJzcA3au0845Y10X8=}
    dev: true

  /anymatch/3.1.2:
    resolution: {integrity: sha512-P43ePfOAIupkguHUycrc4qJ9kz8ZiuOUijaETwX7THt0Y/GNK7v0aa8rY816xWjZ7rJdA5XdMcpVFTKMq+RvWg==}
    engines: {node: '>= 8'}
    dependencies:
      normalize-path: 3.0.0
      picomatch: 2.3.0
    dev: true

  /array-back/3.1.0:
    resolution: {integrity: sha512-TkuxA4UCOvxuDK6NZYXCalszEzj+TLszyASooky+i742l9TqsOdYCMJJupxRic61hwquNtppB3hgcuq9SVSH1Q==}
    engines: {node: '>=6'}
    dev: true

  /array-back/4.0.2:
    resolution: {integrity: sha512-NbdMezxqf94cnNfWLL7V/im0Ub+Anbb0IoZhvzie8+4HJ4nMQuzHuy49FkGYCJK2yAloZ3meiB6AVMClbrI1vg==}
    engines: {node: '>=8'}
    dev: true

  /async/2.6.3:
    resolution: {integrity: sha512-zflvls11DCy+dQWzTW2dzuilv8Z5X/pjfmZOWba6TNIVDm+2UDaJmXSOXlasHKfNBs8oo3M0aT50fDEWfKZjXg==}
    dependencies:
      lodash: 4.17.21
    dev: true

  /binary-extensions/2.2.0:
    resolution: {integrity: sha512-jDctJ/IVQbZoJykoeHbhXpOlNBqGNcwXJKJog42E5HDPUwQTSdjCHdihjj0DlnheQ7blbT6dHOafNAiS8ooQKA==}
    engines: {node: '>=8'}
    dev: true

  /braces/3.0.2:
    resolution: {integrity: sha512-b8um+L1RzM3WDSzvhm6gIz1yfTbBt6YTlcEKAvsmqCZZFw46z626lVj9j1yEPW33H5H+lBQpZMP1k8l+78Ha0A==}
    engines: {node: '>=8'}
    dependencies:
      fill-range: 7.0.1
    dev: true

  /builtin-modules/3.2.0:
    resolution: {integrity: sha512-lGzLKcioL90C7wMczpkY0n/oART3MbBa8R9OFGE1rJxoVI86u4WAGfEk8Wjv10eKSyTHVGkSo3bvBylCEtk7LA==}
    engines: {node: '>=6'}
    dev: true

  /cache-content-type/1.0.1:
    resolution: {integrity: sha512-IKufZ1o4Ut42YUrZSo8+qnMTrFuKkvyoLXUywKz9GJ5BrhOFGhLdkx9sG4KAnVvbY6kEcSFjLQul+DVmBm2bgA==}
    engines: {node: '>= 6.0.0'}
    dependencies:
      mime-types: 2.1.31
      ylru: 1.2.1
    dev: true

  /camelcase/6.2.0:
    resolution: {integrity: sha512-c7wVvbw3f37nuobQNtgsgG9POC9qMbNuMQmTCqZv23b6MIz0fcYpBiOlv9gEN/hdLdnZTDQhg6e9Dq5M1vKvfg==}
    engines: {node: '>=10'}
    dev: true

  /chalk/2.4.2:
    resolution: {integrity: sha512-Mti+f9lpJNcwF4tWV8/OrTTtF1gZi+f8FqlyAdouralcFWFQWF2+NgCHShjkCb+IFBLq9buZwE1xckQU4peSuQ==}
    engines: {node: '>=4'}
    dependencies:
      ansi-styles: 3.2.1
      escape-string-regexp: 1.0.5
      supports-color: 5.5.0
    dev: true

  /chalk/4.1.1:
    resolution: {integrity: sha512-diHzdDKxcU+bAsUboHLPEDQiw0qEe0qd7SYUn3HgcFlWgbDcfLGswOHYeGrHKzG9z6UYf01d9VFMfZxPM1xZSg==}
    engines: {node: '>=10'}
    dependencies:
      ansi-styles: 4.3.0
      supports-color: 7.2.0
    dev: true

  /chokidar/3.5.1:
    resolution: {integrity: sha512-9+s+Od+W0VJJzawDma/gvBNQqkTiqYTWLuZoyAsivsI4AaWTCzHG06/TMjsf1cYe9Cb97UCEhjz7HvnPk2p/tw==}
    engines: {node: '>= 8.10.0'}
    dependencies:
      anymatch: 3.1.2
      braces: 3.0.2
      glob-parent: 5.1.2
      is-binary-path: 2.1.0
      is-glob: 4.0.1
      normalize-path: 3.0.0
      readdirp: 3.5.0
    optionalDependencies:
      fsevents: 2.3.2
    dev: true

  /clone/2.1.2:
    resolution: {integrity: sha1-G39Ln1kfHo+DZwQBYANFoCiHQ18=}
    engines: {node: '>=0.8'}
    dev: true

  /co/4.6.0:
    resolution: {integrity: sha1-bqa989hTrlTMuOR7+gvz+QMfsYQ=}
    engines: {iojs: '>= 1.0.0', node: '>= 0.12.0'}
    dev: true

  /color-convert/1.9.3:
    resolution: {integrity: sha512-QfAUtd+vFdAtFQcC8CCyYt1fYWxSqAiK2cSD6zDB8N3cpsEBAvRxp9zOGg6G/SHHJYAT88/az/IuDGALsNVbGg==}
    dependencies:
      color-name: 1.1.3
    dev: true

  /color-convert/2.0.1:
    resolution: {integrity: sha512-RRECPsj7iu/xb5oKYcsFHSppFNnsj/52OVTRKb4zP5onXwVF3zVmmToNcOfGC+CRDpfK/U584fMg38ZHCaElKQ==}
    engines: {node: '>=7.0.0'}
    dependencies:
      color-name: 1.1.4
    dev: true

  /color-name/1.1.3:
    resolution: {integrity: sha1-p9BVi9icQveV3UIyj3QIMcpTvCU=}
    dev: true

  /color-name/1.1.4:
    resolution: {integrity: sha512-dOy+3AuW3a2wNbZHIuMZpTcgjGuLU/uBL/ubcZF9OXbDo8ff4O8yVp5Bf0efS8uEoYo5q4Fx7dY9OgQGXgAsQA==}
    dev: true

  /command-line-args/5.1.1:
    resolution: {integrity: sha512-hL/eG8lrll1Qy1ezvkant+trihbGnaKaeEjj6Scyr3DN+RC7iQ5Rz84IeLERfAWDGo0HBSNAakczwgCilDXnWg==}
    engines: {node: '>=4.0.0'}
    dependencies:
      array-back: 3.1.0
      find-replace: 3.0.0
      lodash.camelcase: 4.3.0
      typical: 4.0.0
    dev: true

  /command-line-usage/6.1.1:
    resolution: {integrity: sha512-F59pEuAR9o1SF/bD0dQBDluhpT4jJQNWUHEuVBqpDmCUo6gPjCi+m9fCWnWZVR/oG6cMTUms4h+3NPl74wGXvA==}
    engines: {node: '>=8.0.0'}
    dependencies:
      array-back: 4.0.2
      chalk: 2.4.2
      table-layout: 1.0.2
      typical: 5.2.0
    dev: true

  /content-disposition/0.5.3:
    resolution: {integrity: sha512-ExO0774ikEObIAEV9kDo50o+79VCUdEB6n6lzKgGwupcVeRlhrj3qGAfwq8G6uBJjkqLrhT0qEYFcWng8z1z0g==}
    engines: {node: '>= 0.6'}
    dependencies:
      safe-buffer: 5.1.2
    dev: true

  /content-type/1.0.4:
    resolution: {integrity: sha512-hIP3EEPs8tB9AT1L+NUqtwOAps4mk2Zob89MWXMHjHWg9milF/j4osnnQLXBCBFBk/tvIG/tUc9mOUJiPBhPXA==}
    engines: {node: '>= 0.6'}
    dev: true

  /cookies/0.8.0:
    resolution: {integrity: sha512-8aPsApQfebXnuI+537McwYsDtjVxGm8gTIzQI3FDW6t5t/DAhERxtnbEPN/8RX+uZthoz4eCOgloXaE5cYyNow==}
    engines: {node: '>= 0.8'}
    dependencies:
      depd: 2.0.0
      keygrip: 1.1.0
    dev: true

  /debounce/1.2.1:
    resolution: {integrity: sha512-XRRe6Glud4rd/ZGQfiV1ruXSfbvfJedlV9Y6zOlP+2K04vBYiJEte6stfFkCP03aMnY5tsipamumUjL14fofug==}
    dev: true

  /debug/3.1.0:
    resolution: {integrity: sha512-OX8XqP7/1a9cqkxYw2yXss15f26NKWBpDXQd0/uK/KPqdQhxbPa994hnzjcE2VqQpDslf55723cKPUOGSmMY3g==}
    dependencies:
      ms: 2.0.0
    dev: true

  /debug/3.2.7:
    resolution: {integrity: sha512-CFjzYYAi4ThfiQvizrFQevTTXHtnCqWfe7x1AhgEscTz6ZbLbfoLRLPugTQyBth6f8ZERVUSyWHFD/7Wu4t1XQ==}
    dependencies:
      ms: 2.1.3
    dev: true

  /debug/4.3.1:
    resolution: {integrity: sha512-doEwdvm4PCeK4K3RQN2ZC2BYUBaxwLARCqZmMjtF8a51J2Rb0xpVloFRnCODwqjpwnAoao4pelN8l3RJdv3gRQ==}
    engines: {node: '>=6.0'}
    peerDependencies:
      supports-color: '*'
    peerDependenciesMeta:
      supports-color:
        optional: true
    dependencies:
      ms: 2.1.2
    dev: true

  /deep-equal/1.0.1:
    resolution: {integrity: sha1-9dJgKStmDghO/0zbyfCK0yR0SLU=}
    dev: true

  /deep-extend/0.6.0:
    resolution: {integrity: sha512-LOHxIOaPYdHlJRtCQfDIVZtfw/ufM8+rVj649RIHzcm/vGwQRXFt6OPqIFWsm2XEMrNIEtWR64sY1LEKD2vAOA==}
    engines: {node: '>=4.0.0'}
    dev: true

  /deepmerge/4.2.2:
    resolution: {integrity: sha512-FJ3UgI4gIl+PHZm53knsuSFpE+nESMr7M4v9QcgB7S63Kj/6WqMiFQJpBBYz1Pt+66bZpP3Q7Lye0Oo9MPKEdg==}
    engines: {node: '>=0.10.0'}
    dev: true

  /define-lazy-prop/2.0.0:
    resolution: {integrity: sha512-Ds09qNh8yw3khSjiJjiUInaGX9xlqZDY7JVryGxdxV7NPeuqQfplOpQ66yJFZut3jLa5zOwkXw1g9EI2uKh4Og==}
    engines: {node: '>=8'}
    dev: true

  /delegates/1.0.0:
    resolution: {integrity: sha1-hMbhWbgZBP3KWaDvRM2HDTElD5o=}
    dev: true

  /depd/1.1.2:
    resolution: {integrity: sha1-m81S4UwJd2PnSbJ0xDRu0uVgtak=}
    engines: {node: '>= 0.6'}
    dev: true

  /depd/2.0.0:
    resolution: {integrity: sha512-g7nH6P6dyDioJogAAGprGpCtVImJhpPk/roCzdb3fIh61/s/nPsfR6onyMwkCAR/OlC3yBC0lESvUoQEAssIrw==}
    engines: {node: '>= 0.8'}
    dev: true

  /destroy/1.0.4:
    resolution: {integrity: sha1-l4hXRCxEdJ5CBmE+N5RiBYJqvYA=}
    dev: true

  /ee-first/1.1.1:
    resolution: {integrity: sha1-WQxhFWsK4vTwJVcyoViyZrxWsh0=}
    dev: true

  /encodeurl/1.0.2:
    resolution: {integrity: sha1-rT/0yG7C0CkyL1oCw6mmBslbP1k=}
    engines: {node: '>= 0.8'}
    dev: true

  /es-module-lexer/0.4.1:
    resolution: {integrity: sha512-ooYciCUtfw6/d2w56UVeqHPcoCFAiJdz5XOkYpv/Txl1HMUozpXjz/2RIQgqwKdXNDPSF1W7mJCFse3G+HDyAA==}
    dev: true

  /esbuild/0.11.23:
    resolution: {integrity: sha512-iaiZZ9vUF5wJV8ob1tl+5aJTrwDczlvGP0JoMmnpC2B0ppiMCu8n8gmy5ZTGl5bcG081XBVn+U+jP+mPFm5T5Q==}
    hasBin: true
    requiresBuild: true
    dev: true

  /escape-html/1.0.3:
    resolution: {integrity: sha1-Aljq5NPQwJdN4cFpGI7wBR0dGYg=}
    dev: true

  /escape-string-regexp/1.0.5:
    resolution: {integrity: sha1-G2HAViGQqN/2rjuyzwIAyhMLhtQ=}
    engines: {node: '>=0.8.0'}
    dev: true

  /estree-walker/1.0.1:
    resolution: {integrity: sha512-1fMXF3YP4pZZVozF8j/ZLfvnR8NSIljt56UhbZ5PeeDmmGHpgpdwQt7ITlGvYaQukCvuBRMLEiKiYC+oeIg4cg==}
    dev: true

  /etag/1.8.1:
    resolution: {integrity: sha1-Qa4u62XvpiJorr/qg6x9eSmbCIc=}
    engines: {node: '>= 0.6'}
    dev: true

  /fill-range/7.0.1:
    resolution: {integrity: sha512-qOo9F+dMUmC2Lcb4BbVvnKJxTPjCm+RRpe4gDuGrzkL7mEVl/djYSu2OdQ2Pa302N4oqkSg9ir6jaLWJ2USVpQ==}
    engines: {node: '>=8'}
    dependencies:
      to-regex-range: 5.0.1
    dev: true

  /find-replace/3.0.0:
    resolution: {integrity: sha512-6Tb2myMioCAgv5kfvP5/PkZZ/ntTpVK39fHY7WkWBgvbeE+VHd/tZuZ4mrC+bxh4cfOZeYKVPaJIZtZXV7GNCQ==}
    engines: {node: '>=4.0.0'}
    dependencies:
      array-back: 3.1.0
    dev: true

  /fresh/0.5.2:
    resolution: {integrity: sha1-PYyt2Q2XZWn6g1qx+OSyOhBWBac=}
    engines: {node: '>= 0.6'}
    dev: true

  /fsevents/2.3.2:
    resolution: {integrity: sha512-xiqMQR4xAeHTuB9uWm+fFRcIOgKBMiOBP+eXiyT7jsgVCq1bkVygt00oASowB7EdtpOHaaPgKt812P9ab+DDKA==}
    engines: {node: ^8.16.0 || ^10.6.0 || >=11.0.0}
    os: [darwin]
    dev: true
    optional: true

  /function-bind/1.1.1:
    resolution: {integrity: sha512-yIovAzMX49sF8Yl58fSCWJ5svSLuaibPxXQJFLmBObTuCr0Mf1KiPopGM9NiFjiYBCbfaa2Fh6breQ6ANVTI0A==}
    dev: true

  /get-stream/6.0.1:
    resolution: {integrity: sha512-ts6Wi+2j3jQjqi70w5AlN8DFnkSwC+MqmxEzdEALB2qXZYV3X/b1CTfgPLGJNMeAWxdPfU8FO1ms3NUfaHCPYg==}
    engines: {node: '>=10'}
    dev: true

  /glob-parent/5.1.2:
    resolution: {integrity: sha512-AOIgSQCepiJYwP3ARnGx+5VnTu2HBYdzbGP45eLw1vr3zB3vZLeyed1sC9hnbcOc9/SrMyM5RPQrkGz4aS9Zow==}
    engines: {node: '>= 6'}
    dependencies:
      is-glob: 4.0.1
    dev: true

  /has-flag/3.0.0:
    resolution: {integrity: sha1-tdRU3CGZriJWmfNGfloH87lVuv0=}
    engines: {node: '>=4'}
    dev: true

  /has-flag/4.0.0:
    resolution: {integrity: sha512-EykJT/Q1KjTWctppgIAgfSO0tKVuZUjhgMr17kqTumMl6Afv3EISleU7qZUzoXDFTAHTDC4NOoG/ZxU3EvlMPQ==}
    engines: {node: '>=8'}
    dev: true

  /has/1.0.3:
    resolution: {integrity: sha512-f2dvO0VU6Oej7RkWJGrehjbzMAjFp5/VKPp5tTpWIV4JHHZK1/BxbFRtf/siA2SWTe09caDmVtYYzWEIbBS4zw==}
    engines: {node: '>= 0.4.0'}
    dependencies:
      function-bind: 1.1.1
    dev: true

  /http-assert/1.4.1:
    resolution: {integrity: sha512-rdw7q6GTlibqVVbXr0CKelfV5iY8G2HqEUkhSk297BMbSpSL8crXC+9rjKoMcZZEsksX30le6f/4ul4E28gegw==}
    engines: {node: '>= 0.8'}
    dependencies:
      deep-equal: 1.0.1
      http-errors: 1.7.3
    dev: true

  /http-errors/1.6.3:
    resolution: {integrity: sha1-i1VoC7S+KDoLW/TqLjhYC+HZMg0=}
    engines: {node: '>= 0.6'}
    dependencies:
      depd: 1.1.2
      inherits: 2.0.3
      setprototypeof: 1.1.0
      statuses: 1.5.0
    dev: true

  /http-errors/1.7.3:
    resolution: {integrity: sha512-ZTTX0MWrsQ2ZAhA1cejAwDLycFsd7I7nVtnkT3Ol0aqodaKW+0CTZDQ1uBv5whptCnc8e8HeRRJxRs0kmm/Qfw==}
    engines: {node: '>= 0.6'}
    dependencies:
      depd: 1.1.2
      inherits: 2.0.4
      setprototypeof: 1.1.1
      statuses: 1.5.0
      toidentifier: 1.0.0
    dev: true

  /http-errors/1.8.0:
    resolution: {integrity: sha512-4I8r0C5JDhT5VkvI47QktDW75rNlGVsUf/8hzjCC/wkWI/jdTRmBb9aI7erSG82r1bjKY3F6k28WnsVxB1C73A==}
    engines: {node: '>= 0.6'}
    dependencies:
      depd: 1.1.2
      inherits: 2.0.4
      setprototypeof: 1.2.0
      statuses: 1.5.0
      toidentifier: 1.0.0
    dev: true

  /inherits/2.0.3:
    resolution: {integrity: sha1-Yzwsg+PaQqUC9SRmAiSA9CCCYd4=}
    dev: true

  /inherits/2.0.4:
    resolution: {integrity: sha512-k/vGaX4/Yla3WzyMCvTQOXYeIHvqOKtnqBduzTHpzpQZzAskKMhZ2K+EnBiSM9zGSoIFeMpXKxa4dYeZIQqewQ==}
    dev: true

  /ip/1.1.5:
    resolution: {integrity: sha1-vd7XARQpCCjAoDnnLvJfWq7ENUo=}
    dev: true

  /is-binary-path/2.1.0:
    resolution: {integrity: sha512-ZMERYes6pDydyuGidse7OsHxtbI7WVeUEozgR/g7rd0xUimYNlvZRE/K2MgZTjWy725IfelLeVcEM97mmtRGXw==}
    engines: {node: '>=8'}
    dependencies:
      binary-extensions: 2.2.0
    dev: true

  /is-core-module/2.4.0:
    resolution: {integrity: sha512-6A2fkfq1rfeQZjxrZJGerpLCTHRNEBiSgnu0+obeJpEPZRUooHgsizvzv0ZjJwOz3iWIHdJtVWJ/tmPr3D21/A==}
    dependencies:
      has: 1.0.3
    dev: true

  /is-docker/2.2.1:
    resolution: {integrity: sha512-F+i2BKsFrH66iaUFc0woD8sLy8getkwTwtOBjvs56Cx4CgJDeKQeqfz8wAYiSb8JOprWhHH5p77PbmYCvvUuXQ==}
    engines: {node: '>=8'}
    hasBin: true
    dev: true

  /is-extglob/2.1.1:
    resolution: {integrity: sha1-qIwCU1eR8C7TfHahueqXc8gz+MI=}
    engines: {node: '>=0.10.0'}
    dev: true

  /is-generator-function/1.0.9:
    resolution: {integrity: sha512-ZJ34p1uvIfptHCN7sFTjGibB9/oBg17sHqzDLfuwhvmN/qLVvIQXRQ8licZQ35WJ8KuEQt/etnnzQFI9C9Ue/A==}
    engines: {node: '>= 0.4'}
    dev: true

  /is-glob/4.0.1:
    resolution: {integrity: sha512-5G0tKtBTFImOqDnLB2hG6Bp2qcKEFduo4tZu9MT/H6NQv/ghhy30o55ufafxJ/LdH79LLs2Kfrn85TLKyA7BUg==}
    engines: {node: '>=0.10.0'}
    dependencies:
      is-extglob: 2.1.1
    dev: true

  /is-module/1.0.0:
    resolution: {integrity: sha1-Mlj7afeMFNW4FdZkM2tM/7ZEFZE=}
    dev: true

  /is-number/7.0.0:
    resolution: {integrity: sha512-41Cifkg6e8TylSpdtTpeLVMqvSBEVzTttHvERD741+pnZ8ANv0004MRL43QKPDlK9cGvNp6NZWZUBlbGXYxxng==}
    engines: {node: '>=0.12.0'}
    dev: true

  /is-stream/2.0.0:
    resolution: {integrity: sha512-XCoy+WlUr7d1+Z8GgSuXmpuUFC9fOhRXglJMx+dwLKTkL44Cjd4W1Z5P+BQZpr+cR93aGP4S/s7Ftw6Nd/kiEw==}
    engines: {node: '>=8'}
    dev: true

  /is-wsl/2.2.0:
    resolution: {integrity: sha512-fKzAra0rGJUUBwGBgNkHZuToZcn+TtXHpeCgmkMJMMYx1sQDYaCSyjJBSCa2nH1DGm7s3n1oBnohoVTBaN7Lww==}
    engines: {node: '>=8'}
    dependencies:
      is-docker: 2.2.1
    dev: true

  /isbinaryfile/4.0.8:
    resolution: {integrity: sha512-53h6XFniq77YdW+spoRrebh0mnmTxRPTlcuIArO57lmMdq4uBKFKaeTjnb92oYWrSn/LVL+LT+Hap2tFQj8V+w==}
    engines: {node: '>= 8.0.0'}
    dev: true

  /js-tokens/4.0.0:
    resolution: {integrity: sha512-RdJUflcE3cUzKiMqQgsCu06FPu9UdIJO0beYbPhHN4k6apgJtifcoCtT9bcxOpYBtpD2kCM6Sbzg4CausW/PKQ==}
    dev: true

  /keygrip/1.1.0:
    resolution: {integrity: sha512-iYSchDJ+liQ8iwbSI2QqsQOvqv58eJCEanyJPJi+Khyu8smkcKSFUCbPwzFcL7YVtZ6eONjqRX/38caJ7QjRAQ==}
    engines: {node: '>= 0.6'}
    dependencies:
      tsscmp: 1.0.6
    dev: true

  /koa-compose/3.2.1:
    resolution: {integrity: sha1-qFzLQLfZhtjlo0Wzoazo6rz1Tec=}
    dependencies:
      any-promise: 1.3.0
    dev: true

  /koa-compose/4.1.0:
    resolution: {integrity: sha512-8ODW8TrDuMYvXRwra/Kh7/rJo9BtOfPc6qO8eAfC80CnCvSjSl0bkRM24X6/XBBEyj0v1nRUQ1LyOy3dbqOWXw==}
    dev: true

  /koa-convert/1.2.0:
    resolution: {integrity: sha1-2kCHXfSd4FOQmNFwC1CCDOvNIdA=}
    engines: {node: '>= 4'}
    dependencies:
      co: 4.6.0
      koa-compose: 3.2.1
    dev: true

  /koa-etag/4.0.0:
    resolution: {integrity: sha512-1cSdezCkBWlyuB9l6c/IFoe1ANCDdPBxkDkRiaIup40xpUub6U/wwRXoKBZw/O5BifX9OlqAjYnDyzM6+l+TAg==}
    dependencies:
      etag: 1.8.1
    dev: true

  /koa-send/5.0.1:
    resolution: {integrity: sha512-tmcyQ/wXXuxpDxyNXv5yNNkdAMdFRqwtegBXUaowiQzUKqJehttS0x2j0eOZDQAyloAth5w6wwBImnFzkUz3pQ==}
    engines: {node: '>= 8'}
    dependencies:
      debug: 4.3.1
      http-errors: 1.8.0
      resolve-path: 1.4.0
    transitivePeerDependencies:
      - supports-color
    dev: true

  /koa-static/5.0.0:
    resolution: {integrity: sha512-UqyYyH5YEXaJrf9S8E23GoJFQZXkBVJ9zYYMPGz919MSX1KuvAcycIuS0ci150HCoPf4XQVhQ84Qf8xRPWxFaQ==}
    engines: {node: '>= 7.6.0'}
    dependencies:
      debug: 3.2.7
      koa-send: 5.0.1
    transitivePeerDependencies:
      - supports-color
    dev: true

  /koa/2.13.1:
    resolution: {integrity: sha512-Lb2Dloc72auj5vK4X4qqL7B5jyDPQaZucc9sR/71byg7ryoD1NCaCm63CShk9ID9quQvDEi1bGR/iGjCG7As3w==}
    engines: {node: ^4.8.4 || ^6.10.1 || ^7.10.1 || >= 8.1.4}
    dependencies:
      accepts: 1.3.7
      cache-content-type: 1.0.1
      content-disposition: 0.5.3
      content-type: 1.0.4
      cookies: 0.8.0
      debug: 3.1.0
      delegates: 1.0.0
      depd: 2.0.0
      destroy: 1.0.4
      encodeurl: 1.0.2
      escape-html: 1.0.3
      fresh: 0.5.2
      http-assert: 1.4.1
      http-errors: 1.8.0
      is-generator-function: 1.0.9
      koa-compose: 4.1.0
      koa-convert: 1.2.0
      on-finished: 2.3.0
      only: 0.0.2
      parseurl: 1.3.3
      statuses: 1.5.0
      type-is: 1.6.18
      vary: 1.1.2
    dev: true

  /lodash.camelcase/4.3.0:
    resolution: {integrity: sha1-soqmKIorn8ZRA1x3EfZathkDMaY=}
    dev: true

  /lodash/4.17.21:
    resolution: {integrity: sha512-v2kDEe57lecTulaDIuNTPy3Ry4gLGJ6Z1O3vE1krgXZNrsQ+LFTGHVxVjcXPs17LhbZVGedAJv8XZ1tvj5FvSg==}
    dev: true

  /lru-cache/6.0.0:
    resolution: {integrity: sha512-Jo6dJ04CmSjuznwJSS3pUeWmd/H0ffTlkXXgwZi+eq1UCmqQwCh+eLsYOYCwY991i2Fah4h1BEMCx4qThGbsiA==}
    engines: {node: '>=10'}
    dependencies:
      yallist: 4.0.0
    dev: true

  /media-typer/0.3.0:
    resolution: {integrity: sha1-hxDXrwqmJvj/+hzgAWhUUmMlV0g=}
    engines: {node: '>= 0.6'}
    dev: true

  /mime-db/1.48.0:
    resolution: {integrity: sha512-FM3QwxV+TnZYQ2aRqhlKBMHxk10lTbMt3bBkMAp54ddrNeVSfcQYOOKuGuy3Ddrm38I04If834fOUSq1yzslJQ==}
    engines: {node: '>= 0.6'}
    dev: true

  /mime-types/2.1.31:
    resolution: {integrity: sha512-XGZnNzm3QvgKxa8dpzyhFTHmpP3l5YNusmne07VUOXxou9CqUqYa/HBy124RqtVh/O2pECas/MOcsDgpilPOPg==}
    engines: {node: '>= 0.6'}
    dependencies:
      mime-db: 1.48.0
    dev: true

  /minimist/1.2.5:
    resolution: {integrity: sha512-FM9nNUYrRBAELZQT3xeZQ7fmMOBg6nWNmJKTcgsJeaLstP/UODVpGsr5OhXhhXg6f+qtJ8uiZ+PUxkDWcgIXLw==}
    dev: true

  /mkdirp/0.5.5:
    resolution: {integrity: sha512-NKmAlESf6jMGym1++R0Ra7wvhV+wFW63FaSOFPwRahvea0gMUcGUhVeAg/0BC0wiv9ih5NYPB1Wn1UEI1/L+xQ==}
    hasBin: true
    dependencies:
      minimist: 1.2.5
    dev: true

  /ms/2.0.0:
    resolution: {integrity: sha1-VgiurfwAvmwpAd9fmGF4jeDVl8g=}
    dev: true

  /ms/2.1.2:
    resolution: {integrity: sha512-sGkPx+VjMtmA6MX27oA4FBFELFCZZ4S4XqeGOXCv68tT+jb3vk/RyaKWP0PTKyWtmLSM0b+adUTEvbs1PEaH2w==}
    dev: true

  /ms/2.1.3:
    resolution: {integrity: sha512-6FlzubTLZG3J2a/NVCAleEhjzq5oxgHyaCU9yYXvcLsvoVaHJq/s5xXI6/XXP6tz7R9xAOtHnSO/tXtF3WRTlA==}
    dev: true

  /negotiator/0.6.2:
    resolution: {integrity: sha512-hZXc7K2e+PgeI1eDBe/10Ard4ekbfrrqG8Ep+8Jmf4JID2bNg7NvCPOZN+kfF574pFQI7mum2AUqDidoKqcTOw==}
    engines: {node: '>= 0.6'}
    dev: true

  /normalize-path/3.0.0:
    resolution: {integrity: sha512-6eZs5Ls3WtCisHWp9S2GUy8dqkpGi4BVSz3GaqiE6ezub0512ESztXUwUB6C6IKbQkY2Pnb/mD4WYojCRwcwLA==}
    engines: {node: '>=0.10.0'}
    dev: true

  /on-finished/2.3.0:
    resolution: {integrity: sha1-IPEzZIGwg811M3mSoWlxqi2QaUc=}
    engines: {node: '>= 0.8'}
    dependencies:
      ee-first: 1.1.1
    dev: true

  /only/0.0.2:
    resolution: {integrity: sha1-Kv3oTQPlC5qO3EROMGEKcCle37Q=}
    dev: true

  /open/8.2.0:
    resolution: {integrity: sha512-O8uInONB4asyY3qUcEytpgwxQG3O0fJ/hlssoUHsBboOIRVZzT6Wq+Rwj5nffbeUhOdMjpXeISpDDzHCMRDuOQ==}
    engines: {node: '>=12'}
    dependencies:
      define-lazy-prop: 2.0.0
      is-docker: 2.2.1
      is-wsl: 2.2.0
    dev: true

  /parse5/6.0.1:
    resolution: {integrity: sha512-Ofn/CTFzRGTTxwpNEs9PP93gXShHcTq255nzRYSKe8AkVpZY7e1fpmTfOyoIvjP5HG7Z2ZM7VS9PPhQGW2pOpw==}
    dev: true

  /parseurl/1.3.3:
    resolution: {integrity: sha512-CiyeOxFT/JZyN5m0z9PfXw4SCBJ6Sygz1Dpl0wqjlhDEGGBP1GnsUVEL0p63hoG1fcj3fHynXi9NYO4nWOL+qQ==}
    engines: {node: '>= 0.8'}
    dev: true

  /path-is-absolute/1.0.1:
    resolution: {integrity: sha1-F0uSaHNVNP+8es5r9TpanhtcX18=}
    engines: {node: '>=0.10.0'}
    dev: true

  /path-parse/1.0.7:
    resolution: {integrity: sha512-LDJzPVEEEPR+y48z93A0Ed0yXb8pAByGWo/k5YYdYgpY2/2EsOsksJrq7lOHxryrVOn1ejG6oAp8ahvOIQD8sw==}
    dev: true

  /picomatch/2.3.0:
    resolution: {integrity: sha512-lY1Q/PiJGC2zOv/z391WOTD+Z02bCgsFfvxoXXf6h7kv9o+WmsmzYqrAwY63sNgOxE4xEdq0WyUnXfKeBrSvYw==}
    engines: {node: '>=8.6'}
    dev: true

  /portfinder/1.0.28:
    resolution: {integrity: sha512-Se+2isanIcEqf2XMHjyUKskczxbPH7dQnlMjXX6+dybayyHvAf/TCgyMRlzf/B6QDhAEFOGes0pzRo3by4AbMA==}
    engines: {node: '>= 0.12.0'}
    dependencies:
      async: 2.6.3
      debug: 3.2.7
      mkdirp: 0.5.5
    dev: true

  /preact/10.5.13:
    resolution: {integrity: sha512-q/vlKIGNwzTLu+jCcvywgGrt+H/1P/oIRSD6mV4ln3hmlC+Aa34C7yfPI4+5bzW8pONyVXYS7SvXosy2dKKtWQ==}
    dev: false

  /punycode/2.1.1:
    resolution: {integrity: sha512-XRsRjdf+j5ml+y/6GKHPZbrF/8p2Yga0JPtdqTIY2Xe5ohJPD9saDJJLPvp9+NSBprVvevdXZybnj2cv8OEd0A==}
    engines: {node: '>=6'}
    dev: true

  /readdirp/3.5.0:
    resolution: {integrity: sha512-cMhu7c/8rdhkHXWsY+osBhfSy0JikwpHK/5+imo+LpeasTF8ouErHrlYkwT0++njiyuDvc7OFY5T3ukvZ8qmFQ==}
    engines: {node: '>=8.10.0'}
    dependencies:
      picomatch: 2.3.0
    dev: true

  /reduce-flatten/2.0.0:
    resolution: {integrity: sha512-EJ4UNY/U1t2P/2k6oqotuX2Cc3T6nxJwsM0N0asT7dhrtH1ltUxDn4NalSYmPE2rCkVpcf/X6R0wDwcFpzhd4w==}
    engines: {node: '>=6'}
    dev: true

  /resolve-path/1.4.0:
    resolution: {integrity: sha1-xL2p9e+y/OZSR4c6s2u02DT+Fvc=}
    engines: {node: '>= 0.8'}
    dependencies:
      http-errors: 1.6.3
      path-is-absolute: 1.0.1
    dev: true

  /resolve/1.20.0:
    resolution: {integrity: sha512-wENBPt4ySzg4ybFQW2TT1zMQucPK95HSh/nq2CFTZVOGut2+pQvSsgtda4d26YrYcr067wjbmzOG8byDPBX63A==}
    dependencies:
      is-core-module: 2.4.0
      path-parse: 1.0.7
    dev: true

  /rollup/2.51.0:
    resolution: {integrity: sha512-ITLt9sScNCBVspSHauw/W49lEZ0vjN8LyCzSNsNaqT67vTss2lYEfOyxltX8hjrhr1l/rQwmZ2wazzEqhZ/fUg==}
    engines: {node: '>=10.0.0'}
    hasBin: true
    optionalDependencies:
      fsevents: 2.3.2
    dev: true

  /safe-buffer/5.1.2:
    resolution: {integrity: sha512-Gd2UZBJDkXlY7GbJxfsE8/nvKkUEU1G38c1siN6QP6a9PT9MmHB8GnpscSmMJSoF8LOIrt8ud/wPtojys4G6+g==}
    dev: true

  /semver/7.3.5:
    resolution: {integrity: sha512-PoeGJYh8HK4BTO/a9Tf6ZG3veo/A7ZVsYrSA6J8ny9nb3B1VrpkuN+z9OE5wfE5p6H4LchYZsegiQgbJD94ZFQ==}
    engines: {node: '>=10'}
    hasBin: true
    dependencies:
      lru-cache: 6.0.0
    dev: true

  /setprototypeof/1.1.0:
    resolution: {integrity: sha512-BvE/TwpZX4FXExxOxZyRGQQv651MSwmWKZGqvmPcRIjDqWub67kTKuIMx43cZZrS/cBBzwBcNDWoFxt2XEFIpQ==}
    dev: true

  /setprototypeof/1.1.1:
    resolution: {integrity: sha512-JvdAWfbXeIGaZ9cILp38HntZSFSo3mWg6xGcJJsd+d4aRMOqauag1C63dJfDw7OaMYwEbHMOxEZ1lqVRYP2OAw==}
    dev: true

  /setprototypeof/1.2.0:
    resolution: {integrity: sha512-E5LDX7Wrp85Kil5bhZv46j8jOeboKq5JMmYM3gVGdGH8xFpPWXUMsNrlODCrkoxMEeNi/XZIwuRvY4XNwYMJpw==}
    dev: true

  /statuses/1.5.0:
    resolution: {integrity: sha1-Fhx9rBd2Wf2YEfQ3cfqZOBR4Yow=}
    engines: {node: '>= 0.6'}
    dev: true

  /supports-color/5.5.0:
    resolution: {integrity: sha512-QjVjwdXIt408MIiAqCX4oUKsgU2EqAGzs2Ppkm4aQYbjm+ZEWEcW4SfFNTr4uMNZma0ey4f5lgLrkB0aX0QMow==}
    engines: {node: '>=4'}
    dependencies:
      has-flag: 3.0.0
    dev: true

  /supports-color/7.2.0:
    resolution: {integrity: sha512-qpCAvRl9stuOHveKsn7HncJRvv501qIacKzQlO/+Lwxc9+0q2wLyv4Dfvt80/DPn2pqOBsJdDiogXGR9+OvwRw==}
    engines: {node: '>=8'}
    dependencies:
      has-flag: 4.0.0
    dev: true

  /table-layout/1.0.2:
    resolution: {integrity: sha512-qd/R7n5rQTRFi+Zf2sk5XVVd9UQl6ZkduPFC3S7WEGJAmetDTjY3qPN50eSKzwuzEyQKy5TN2TiZdkIjos2L6A==}
    engines: {node: '>=8.0.0'}
    dependencies:
      array-back: 4.0.2
      deep-extend: 0.6.0
      typical: 5.2.0
      wordwrapjs: 4.0.1
    dev: true

  /to-regex-range/5.0.1:
    resolution: {integrity: sha512-65P7iz6X5yEr1cwcgvQxbbIw7Uk3gOy5dIdtZ4rDveLqhrdJP+Li/Hx6tyK0NEb+2GCyneCMJiGqrADCSNk8sQ==}
    engines: {node: '>=8.0'}
    dependencies:
      is-number: 7.0.0
    dev: true

  /toidentifier/1.0.0:
    resolution: {integrity: sha512-yaOH/Pk/VEhBWWTlhI+qXxDFXlejDGcQipMlyxda9nthulaxLZUNcUqFxokp0vcYnvteJln5FNQDRrxj3YcbVw==}
    engines: {node: '>=0.6'}
    dev: true

  /tr46/2.1.0:
    resolution: {integrity: sha512-15Ih7phfcdP5YxqiB+iDtLoaTz4Nd35+IiAv0kQ5FNKHzXgdWqPoTIqEDDJmXceQt4JZk6lVPT8lnDlPpGDppw==}
    engines: {node: '>=8'}
    dependencies:
      punycode: 2.1.1
    dev: true

  /tsscmp/1.0.6:
    resolution: {integrity: sha512-LxhtAkPDTkVCMQjt2h6eBVY28KCjikZqZfMcC15YBeNjkgUpdCfBu5HoiOTDu86v6smE8yOjyEktJ8hlbANHQA==}
    engines: {node: '>=0.6.x'}
    dev: true

  /type-is/1.6.18:
    resolution: {integrity: sha512-TkRKr9sUTxEH8MdfuCSP7VizJyzRNMjj2J2do2Jr3Kym598JVdEksuzPQCnlFPW4ky9Q+iA+ma9BGm06XQBy8g==}
    engines: {node: '>= 0.6'}
    dependencies:
      media-typer: 0.3.0
      mime-types: 2.1.31
    dev: true

  /typescript/4.3.2:
    resolution: {integrity: sha512-zZ4hShnmnoVnAHpVHWpTcxdv7dWP60S2FsydQLV8V5PbS3FifjWFFRiHSWpDJahly88PRyV5teTSLoq4eG7mKw==}
    engines: {node: '>=4.2.0'}
    hasBin: true
    dev: true

  /typical/4.0.0:
    resolution: {integrity: sha512-VAH4IvQ7BDFYglMd7BPRDfLgxZZX4O4TFcRDA6EN5X7erNJJq+McIEp8np9aVtxrCJ6qx4GTYVfOWNjcqwZgRw==}
    engines: {node: '>=8'}
    dev: true

  /typical/5.2.0:
    resolution: {integrity: sha512-dvdQgNDNJo+8B2uBQoqdb11eUCE1JQXhvjC/CZtgvZseVd5TYMXnq0+vuUemXbd/Se29cTaUuPX3YIc2xgbvIg==}
    engines: {node: '>=8'}
    dev: true

  /ua-parser-js/0.7.28:
    resolution: {integrity: sha512-6Gurc1n//gjp9eQNXjD9O3M/sMwVtN5S8Lv9bvOYBfKfDNiIIhqiyi01vMBO45u4zkDE420w/e0se7Vs+sIg+g==}
    dev: true

  /vary/1.1.2:
    resolution: {integrity: sha1-IpnwLG3tMNSllhsLn3RSShj2NPw=}
    engines: {node: '>= 0.8'}
    dev: true

  /webidl-conversions/6.1.0:
    resolution: {integrity: sha512-qBIvFLGiBpLjfwmYAaHPXsn+ho5xZnGvyGvsarywGNc8VyQJUMHJ8OBKGGrPER0okBeMDaan4mNBlgBROxuI8w==}
    engines: {node: '>=10.4'}
    dev: true

  /whatwg-url/8.5.0:
    resolution: {integrity: sha512-fy+R77xWv0AiqfLl4nuGUlQ3/6b5uNfQ4WAbGQVMYshCTCCPK9psC1nWh3XHuxGVCtlcDDQPQW1csmmIQo+fwg==}
    engines: {node: '>=10'}
    dependencies:
      lodash: 4.17.21
      tr46: 2.1.0
      webidl-conversions: 6.1.0
    dev: true

  /wordwrapjs/4.0.1:
    resolution: {integrity: sha512-kKlNACbvHrkpIw6oPeYDSmdCTu2hdMHoyXLTcUKala++lx5Y+wjJ/e474Jqv5abnVmwxw08DiTuHmw69lJGksA==}
    engines: {node: '>=8.0.0'}
    dependencies:
      reduce-flatten: 2.0.0
      typical: 5.2.0
    dev: true

  /ws/7.4.6:
    resolution: {integrity: sha512-YmhHDO4MzaDLB+M9ym/mDA5z0naX8j7SIlT8f8z+I0VtzsRbekxEutHSme7NPS2qE8StCYQNUnfWdXta/Yu85A==}
    engines: {node: '>=8.3.0'}
    peerDependencies:
      bufferutil: ^4.0.1
      utf-8-validate: ^5.0.2
    peerDependenciesMeta:
      bufferutil:
        optional: true
      utf-8-validate:
        optional: true
    dev: true

  /yallist/4.0.0:
    resolution: {integrity: sha512-3wdGidZyq5PB084XLES5TpOSRA3wjXAlIWMhum2kRcv/41Sn2emQ0dycQW4uZXLejwKvg6EsvbdlVL+FYEct7A==}
    dev: true

  /ylru/1.2.1:
    resolution: {integrity: sha512-faQrqNMzcPCHGVC2aaOINk13K+aaBDUPjGWl0teOXywElLjyVAB6Oe2jj62jHYtwsU49jXhScYbvPENK+6zAvQ==}
    engines: {node: '>= 4.0.0'}
    dev: true
